
Microsoft Visual Studio Solution File, Format Version 12.00
# Visual Studio Version 17
VisualStudioVersion = 17.0.31903.59
MinimumVisualStudioVersion = 10.0.40219.1
Project("{2150E333-8FDC-42A3-9474-1A3956D46DE8}") = "tests", "tests", "{0AB3BF05-4346-4AA6-1389-037BE0695223}"
EndProject
Project("{FAE04EC0-301F-11D3-BF4B-00C04F79EFBC}") = "MatchingEngine.Core.Tests", "tests\MatchingEngine.Core.Tests\MatchingEngine.Core.Tests.csproj", "{B0846DE0-CDF8-4E2E-B5D6-BDBE2F5D7211}"
EndProject
Project("{2150E333-8FDC-42A3-9474-1A3956D46DE8}") = "benchmarks", "benchmarks", "{66320409-64EC-F7C5-3DEF-65E7510DAAD1}"
EndProject
Project("{FAE04EC0-301F-11D3-BF4B-00C04F79EFBC}") = "MatchingEngine.Benchmarks", "benchmarks\MatchingEngine.Benchmarks\MatchingEngine.Benchmarks.csproj", "{EFB2B673-AC72-4F35-980F-B60604C90AAA}"
EndProject
Project("{FAE04EC0-301F-11D3-BF4B-00C04F79EFBC}") = "MatchingEngine.Gateway.Tests", "tests\MatchingEngine.Gateway.Tests\MatchingEngine.Gateway.Tests.csproj", "{BEC7C026-DF9F-437F-9000-CAAABD050CC8}"
EndProject
Project("{FAE04EC0-301F-11D3-BF4B-00C04F79EFBC}") = "MatchingEngine.IntegrationTests", "tests\MatchingEngine.IntegrationTests\MatchingEngine.IntegrationTests.csproj", "{D56BB7AB-C66F-493E-B08B-FD0962749AF1}"
EndProject
Project("{2150E333-8FDC-42A3-9474-1A3956D46DE8}") = "src", "src", "{827E0CD3-B72D-47B6-A68D-7590B98EB39B}"
EndProject
Project("{2150E333-8FDC-42A3-9474-1A3956D46DE8}") = "Shared", "Shared", "{C8E42992-5E42-0C2B-DBFE-AA848D06431C}"
EndProject
Project("{2150E333-8FDC-42A3-9474-1A3956D46DE8}") = "Gateway", "Gateway", "{F1E2D3C4-B5A6-4789-8C0D-1E2F3A4B5C6D}"
EndProject
Project("{FAE04EC0-301F-11D3-BF4B-00C04F79EFBC}") = "MatchingEngine.Core", "src\Shared\MatchingEngine.Core\MatchingEngine.Core.csproj", "{A7C3B461-29C4-4A3B-8CD4-97137149319C}"
EndProject
Project("{FAE04EC0-301F-11D3-BF4B-00C04F79EFBC}") = "MatchingEngine.Contracts", "src\Shared\MatchingEngine.Contracts\MatchingEngine.Contracts.csproj", "{D1E2F3A4-B5C6-47D8-9E0F-1A2B3C4D5E6F}"
EndProject
Project("{FAE04EC0-301F-11D3-BF4B-00C04F79EFBC}") = "MatchingEngine.Gateway", "src\Services\Gateway\MatchingEngine.Gateway\MatchingEngine.Gateway.csproj", "{1F9C7355-A855-4343-B7D8-BFF3117FA62B}"
EndProject
Project("{FAE04EC0-301F-11D3-BF4B-00C04F79EFBC}") = "MatchingEngine.Api", "src\Services\Gateway\MatchingEngine.Api\MatchingEngine.Api.csproj", "{FFCD6D5B-E191-466C-A66A-CE5C81430E34}"
EndProject
Project("{2150E333-8FDC-42A3-9474-1A3956D46DE8}") = "Infrastructure", "Infrastructure", "{9048EB7F-3875-A59E-E36B-5BD4C6F2A282}"
EndProject
Project("{FAE04EC0-301F-11D3-BF4B-00C04F79EFBC}") = "MatchingEngine.Kafka", "src\Infrastructure\MatchingEngine.Kafka\MatchingEngine.Kafka.csproj", "{C084DCDA-5728-482F-8F3F-B16DACF9AAE5}"
EndProject
Project("{2150E333-8FDC-42A3-9474-1A3956D46DE8}") = "Engine", "Engine", "{581C1AFC-A79E-7578-3E64-521365DC72E1}"
EndProject
Project("{2150E333-8FDC-42A3-9474-1A3956D46DE8}") = "Services", "Services", "{E2F3A4B5-C6D7-48E9-A0F1-2B3C4D5E6F70}"
EndProject
Project("{FAE04EC0-301F-11D3-BF4B-00C04F79EFBC}") = "MatchingEngine.Engine", "src\Services\Engine\MatchingEngine.Engine\MatchingEngine.Engine.csproj", "{F6596D4B-90A1-4ECB-A002-616A9C330B2D}"
EndProject
Project("{2150E333-8FDC-42A3-9474-1A3956D46DE8}") = "MarketData", "MarketData", "{AE7E6606-3C56-5577-1064-B6FCDA212EC4}"
EndProject
Project("{FAE04EC0-301F-11D3-BF4B-00C04F79EFBC}") = "MatchingEngine.MarketData", "src\Services\MarketData\MatchingEngine.MarketData\MatchingEngine.MarketData.csproj", "{48E18599-9ADE-42B8-9F2D-9E211FFD26C8}"
EndProject
Project("{2150E333-8FDC-42A3-9474-1A3956D46DE8}") = "FeedHandler", "FeedHandler", "{80FDF81B-1904-591B-8A86-C608F494F492}"
EndProject
Project("{FAE04EC0-301F-11D3-BF4B-00C04F79EFBC}") = "MatchingEngine.FeedHandler", "src\Services\FeedHandler\MatchingEngine.FeedHandler\MatchingEngine.FeedHandler.csproj", "{BCE6D5C4-055A-4ABD-A00C-EFB4BB2CFE57}"
EndProject
Project("{2150E333-8FDC-42A3-9474-1A3956D46DE8}") = "MarketMaker", "MarketMaker", "{755D399A-36F7-7E1E-5DCC-CBDE54FF2812}"
EndProject
Project("{FAE04EC0-301F-11D3-BF4B-00C04F79EFBC}") = "MatchingEngine.MarketMaker", "src\Services\MarketMaker\MatchingEngine.MarketMaker\MatchingEngine.MarketMaker.csproj", "{D9ADE991-8687-4DD8-A448-D55F1394A71E}"
EndProject
Global
	GlobalSection(SolutionConfigurationPlatforms) = preSolution
		Debug|Any CPU = Debug|Any CPU
		Debug|x64 = Debug|x64
		Debug|x86 = Debug|x86
		Release|Any CPU = Release|Any CPU
		Release|x64 = Release|x64
		Release|x86 = Release|x86
	EndGlobalSection
	GlobalSection(ProjectConfigurationPlatforms) = postSolution
		{B0846DE0-CDF8-4E2E-B5D6-BDBE2F5D7211}.Debug|Any CPU.ActiveCfg = Debug|Any CPU
		{B0846DE0-CDF8-4E2E-B5D6-BDBE2F5D7211}.Debug|Any CPU.Build.0 = Debug|Any CPU
		{B0846DE0-CDF8-4E2E-B5D6-BDBE2F5D7211}.Debug|x64.ActiveCfg = Debug|Any CPU
		{B0846DE0-CDF8-4E2E-B5D6-BDBE2F5D7211}.Debug|x64.Build.0 = Debug|Any CPU
		{B0846DE0-CDF8-4E2E-B5D6-BDBE2F5D7211}.Debug|x86.ActiveCfg = Debug|Any CPU
		{B0846DE0-CDF8-4E2E-B5D6-BDBE2F5D7211}.Debug|x86.Build.0 = Debug|Any CPU
		{B0846DE0-CDF8-4E2E-B5D6-BDBE2F5D7211}.Release|Any CPU.ActiveCfg = Release|Any CPU
		{B0846DE0-CDF8-4E2E-B5D6-BDBE2F5D7211}.Release|Any CPU.Build.0 = Release|Any CPU
		{B0846DE0-CDF8-4E2E-B5D6-BDBE2F5D7211}.Release|x64.ActiveCfg = Release|Any CPU
		{B0846DE0-CDF8-4E2E-B5D6-BDBE2F5D7211}.Release|x64.Build.0 = Release|Any CPU
		{B0846DE0-CDF8-4E2E-B5D6-BDBE2F5D7211}.Release|x86.ActiveCfg = Release|Any CPU
		{B0846DE0-CDF8-4E2E-B5D6-BDBE2F5D7211}.Release|x86.Build.0 = Release|Any CPU
		{EFB2B673-AC72-4F35-980F-B60604C90AAA}.Debug|Any CPU.ActiveCfg = Debug|Any CPU
		{EFB2B673-AC72-4F35-980F-B60604C90AAA}.Debug|Any CPU.Build.0 = Debug|Any CPU
		{EFB2B673-AC72-4F35-980F-B60604C90AAA}.Debug|x64.ActiveCfg = Debug|Any CPU
		{EFB2B673-AC72-4F35-980F-B60604C90AAA}.Debug|x64.Build.0 = Debug|Any CPU
		{EFB2B673-AC72-4F35-980F-B60604C90AAA}.Debug|x86.ActiveCfg = Debug|Any CPU
		{EFB2B673-AC72-4F35-980F-B60604C90AAA}.Debug|x86.Build.0 = Debug|Any CPU
		{EFB2B673-AC72-4F35-980F-B60604C90AAA}.Release|Any CPU.ActiveCfg = Release|Any CPU
		{EFB2B673-AC72-4F35-980F-B60604C90AAA}.Release|Any CPU.Build.0 = Release|Any CPU
		{EFB2B673-AC72-4F35-980F-B60604C90AAA}.Release|x64.ActiveCfg = Release|Any CPU
		{EFB2B673-AC72-4F35-980F-B60604C90AAA}.Release|x64.Build.0 = Release|Any CPU
		{EFB2B673-AC72-4F35-980F-B60604C90AAA}.Release|x86.ActiveCfg = Release|Any CPU
		{EFB2B673-AC72-4F35-980F-B60604C90AAA}.Release|x86.Build.0 = Release|Any CPU
		{BEC7C026-DF9F-437F-9000-CAAABD050CC8}.Debug|Any CPU.ActiveCfg = Debug|Any CPU
		{BEC7C026-DF9F-437F-9000-CAAABD050CC8}.Debug|Any CPU.Build.0 = Debug|Any CPU
		{BEC7C026-DF9F-437F-9000-CAAABD050CC8}.Debug|x64.ActiveCfg = Debug|Any CPU
		{BEC7C026-DF9F-437F-9000-CAAABD050CC8}.Debug|x64.Build.0 = Debug|Any CPU
		{BEC7C026-DF9F-437F-9000-CAAABD050CC8}.Debug|x86.ActiveCfg = Debug|Any CPU
		{BEC7C026-DF9F-437F-9000-CAAABD050CC8}.Debug|x86.Build.0 = Debug|Any CPU
		{BEC7C026-DF9F-437F-9000-CAAABD050CC8}.Release|Any CPU.ActiveCfg = Release|Any CPU
		{BEC7C026-DF9F-437F-9000-CAAABD050CC8}.Release|Any CPU.Build.0 = Release|Any CPU
		{BEC7C026-DF9F-437F-9000-CAAABD050CC8}.Release|x64.ActiveCfg = Release|Any CPU
		{BEC7C026-DF9F-437F-9000-CAAABD050CC8}.Release|x64.Build.0 = Release|Any CPU
		{BEC7C026-DF9F-437F-9000-CAAABD050CC8}.Release|x86.ActiveCfg = Release|Any CPU
		{BEC7C026-DF9F-437F-9000-CAAABD050CC8}.Release|x86.Build.0 = Release|Any CPU
		{D56BB7AB-C66F-493E-B08B-FD0962749AF1}.Debug|Any CPU.ActiveCfg = Debug|Any CPU
		{D56BB7AB-C66F-493E-B08B-FD0962749AF1}.Debug|Any CPU.Build.0 = Debug|Any CPU
		{D56BB7AB-C66F-493E-B08B-FD0962749AF1}.Debug|x64.ActiveCfg = Debug|Any CPU
		{D56BB7AB-C66F-493E-B08B-FD0962749AF1}.Debug|x64.Build.0 = Debug|Any CPU
		{D56BB7AB-C66F-493E-B08B-FD0962749AF1}.Debug|x86.ActiveCfg = Debug|Any CPU
		{D56BB7AB-C66F-493E-B08B-FD0962749AF1}.Debug|x86.Build.0 = Debug|Any CPU
		{D56BB7AB-C66F-493E-B08B-FD0962749AF1}.Release|Any CPU.ActiveCfg = Release|Any CPU
		{D56BB7AB-C66F-493E-B08B-FD0962749AF1}.Release|Any CPU.Build.0 = Release|Any CPU
		{D56BB7AB-C66F-493E-B08B-FD0962749AF1}.Release|x64.ActiveCfg = Release|Any CPU
		{D56BB7AB-C66F-493E-B08B-FD0962749AF1}.Release|x64.Build.0 = Release|Any CPU
		{D56BB7AB-C66F-493E-B08B-FD0962749AF1}.Release|x86.ActiveCfg = Release|Any CPU
		{D56BB7AB-C66F-493E-B08B-FD0962749AF1}.Release|x86.Build.0 = Release|Any CPU
		{A7C3B461-29C4-4A3B-8CD4-97137149319C}.Debug|Any CPU.ActiveCfg = Debug|Any CPU
		{A7C3B461-29C4-4A3B-8CD4-97137149319C}.Debug|Any CPU.Build.0 = Debug|Any CPU
		{A7C3B461-29C4-4A3B-8CD4-97137149319C}.Debug|x64.ActiveCfg = Debug|Any CPU
		{A7C3B461-29C4-4A3B-8CD4-97137149319C}.Debug|x64.Build.0 = Debug|Any CPU
		{A7C3B461-29C4-4A3B-8CD4-97137149319C}.Debug|x86.ActiveCfg = Debug|Any CPU
		{A7C3B461-29C4-4A3B-8CD4-97137149319C}.Debug|x86.Build.0 = Debug|Any CPU
		{A7C3B461-29C4-4A3B-8CD4-97137149319C}.Release|Any CPU.ActiveCfg = Release|Any CPU
		{A7C3B461-29C4-4A3B-8CD4-97137149319C}.Release|Any CPU.Build.0 = Release|Any CPU
		{A7C3B461-29C4-4A3B-8CD4-97137149319C}.Release|x64.ActiveCfg = Release|Any CPU
		{A7C3B461-29C4-4A3B-8CD4-97137149319C}.Release|x64.Build.0 = Release|Any CPU
		{A7C3B461-29C4-4A3B-8CD4-97137149319C}.Release|x86.ActiveCfg = Release|Any CPU
		{A7C3B461-29C4-4A3B-8CD4-97137149319C}.Release|x86.Build.0 = Release|Any CPU
		{D1E2F3A4-B5C6-47D8-9E0F-1A2B3C4D5E6F}.Debug|Any CPU.ActiveCfg = Debug|Any CPU
		{D1E2F3A4-B5C6-47D8-9E0F-1A2B3C4D5E6F}.Debug|Any CPU.Build.0 = Debug|Any CPU
		{D1E2F3A4-B5C6-47D8-9E0F-1A2B3C4D5E6F}.Debug|x64.ActiveCfg = Debug|Any CPU
		{D1E2F3A4-B5C6-47D8-9E0F-1A2B3C4D5E6F}.Debug|x64.Build.0 = Debug|Any CPU
		{D1E2F3A4-B5C6-47D8-9E0F-1A2B3C4D5E6F}.Debug|x86.ActiveCfg = Debug|Any CPU
		{D1E2F3A4-B5C6-47D8-9E0F-1A2B3C4D5E6F}.Debug|x86.Build.0 = Debug|Any CPU
		{D1E2F3A4-B5C6-47D8-9E0F-1A2B3C4D5E6F}.Release|Any CPU.ActiveCfg = Release|Any CPU
		{D1E2F3A4-B5C6-47D8-9E0F-1A2B3C4D5E6F}.Release|Any CPU.Build.0 = Release|Any CPU
		{D1E2F3A4-B5C6-47D8-9E0F-1A2B3C4D5E6F}.Release|x64.ActiveCfg = Release|Any CPU
		{D1E2F3A4-B5C6-47D8-9E0F-1A2B3C4D5E6F}.Release|x64.Build.0 = Release|Any CPU
		{D1E2F3A4-B5C6-47D8-9E0F-1A2B3C4D5E6F}.Release|x86.ActiveCfg = Release|Any CPU
		{D1E2F3A4-B5C6-47D8-9E0F-1A2B3C4D5E6F}.Release|x86.Build.0 = Release|Any CPU
		{1F9C7355-A855-4343-B7D8-BFF3117FA62B}.Debug|Any CPU.ActiveCfg = Debug|Any CPU
		{1F9C7355-A855-4343-B7D8-BFF3117FA62B}.Debug|Any CPU.Build.0 = Debug|Any CPU
		{1F9C7355-A855-4343-B7D8-BFF3117FA62B}.Debug|x64.ActiveCfg = Debug|Any CPU
		{1F9C7355-A855-4343-B7D8-BFF3117FA62B}.Debug|x64.Build.0 = Debug|Any CPU
		{1F9C7355-A855-4343-B7D8-BFF3117FA62B}.Debug|x86.ActiveCfg = Debug|Any CPU
		{1F9C7355-A855-4343-B7D8-BFF3117FA62B}.Debug|x86.Build.0 = Debug|Any CPU
		{1F9C7355-A855-4343-B7D8-BFF3117FA62B}.Release|Any CPU.ActiveCfg = Release|Any CPU
		{1F9C7355-A855-4343-B7D8-BFF3117FA62B}.Release|Any CPU.Build.0 = Release|Any CPU
		{1F9C7355-A855-4343-B7D8-BFF3117FA62B}.Release|x64.ActiveCfg = Release|Any CPU
		{1F9C7355-A855-4343-B7D8-BFF3117FA62B}.Release|x64.Build.0 = Release|Any CPU
		{1F9C7355-A855-4343-B7D8-BFF3117FA62B}.Release|x86.ActiveCfg = Release|Any CPU
		{1F9C7355-A855-4343-B7D8-BFF3117FA62B}.Release|x86.Build.0 = Release|Any CPU
		{FFCD6D5B-E191-466C-A66A-CE5C81430E34}.Debug|Any CPU.ActiveCfg = Debug|Any CPU
		{FFCD6D5B-E191-466C-A66A-CE5C81430E34}.Debug|Any CPU.Build.0 = Debug|Any CPU
		{FFCD6D5B-E191-466C-A66A-CE5C81430E34}.Debug|x64.ActiveCfg = Debug|Any CPU
		{FFCD6D5B-E191-466C-A66A-CE5C81430E34}.Debug|x64.Build.0 = Debug|Any CPU
		{FFCD6D5B-E191-466C-A66A-CE5C81430E34}.Debug|x86.ActiveCfg = Debug|Any CPU
		{FFCD6D5B-E191-466C-A66A-CE5C81430E34}.Debug|x86.Build.0 = Debug|Any CPU
		{FFCD6D5B-E191-466C-A66A-CE5C81430E34}.Release|Any CPU.ActiveCfg = Release|Any CPU
		{FFCD6D5B-E191-466C-A66A-CE5C81430E34}.Release|Any CPU.Build.0 = Release|Any CPU
		{FFCD6D5B-E191-466C-A66A-CE5C81430E34}.Release|x64.ActiveCfg = Release|Any CPU
		{FFCD6D5B-E191-466C-A66A-CE5C81430E34}.Release|x64.Build.0 = Release|Any CPU
		{FFCD6D5B-E191-466C-A66A-CE5C81430E34}.Release|x86.ActiveCfg = Release|Any CPU
		{FFCD6D5B-E191-466C-A66A-CE5C81430E34}.Release|x86.Build.0 = Release|Any CPU
		{C084DCDA-5728-482F-8F3F-B16DACF9AAE5}.Debug|Any CPU.ActiveCfg = Debug|Any CPU
		{C084DCDA-5728-482F-8F3F-B16DACF9AAE5}.Debug|Any CPU.Build.0 = Debug|Any CPU
		{C084DCDA-5728-482F-8F3F-B16DACF9AAE5}.Debug|x64.ActiveCfg = Debug|Any CPU
		{C084DCDA-5728-482F-8F3F-B16DACF9AAE5}.Debug|x64.Build.0 = Debug|Any CPU
		{C084DCDA-5728-482F-8F3F-B16DACF9AAE5}.Debug|x86.ActiveCfg = Debug|Any CPU
		{C084DCDA-5728-482F-8F3F-B16DACF9AAE5}.Debug|x86.Build.0 = Debug|Any CPU
		{C084DCDA-5728-482F-8F3F-B16DACF9AAE5}.Release|Any CPU.ActiveCfg = Release|Any CPU
		{C084DCDA-5728-482F-8F3F-B16DACF9AAE5}.Release|Any CPU.Build.0 = Release|Any CPU
		{C084DCDA-5728-482F-8F3F-B16DACF9AAE5}.Release|x64.ActiveCfg = Release|Any CPU
		{C084DCDA-5728-482F-8F3F-B16DACF9AAE5}.Release|x64.Build.0 = Release|Any CPU
		{C084DCDA-5728-482F-8F3F-B16DACF9AAE5}.Release|x86.ActiveCfg = Release|Any CPU
		{C084DCDA-5728-482F-8F3F-B16DACF9AAE5}.Release|x86.Build.0 = Release|Any CPU
		{F6596D4B-90A1-4ECB-A002-616A9C330B2D}.Debug|Any CPU.ActiveCfg = Debug|Any CPU
		{F6596D4B-90A1-4ECB-A002-616A9C330B2D}.Debug|Any CPU.Build.0 = Debug|Any CPU
		{F6596D4B-90A1-4ECB-A002-616A9C330B2D}.Debug|x64.ActiveCfg = Debug|Any CPU
		{F6596D4B-90A1-4ECB-A002-616A9C330B2D}.Debug|x64.Build.0 = Debug|Any CPU
		{F6596D4B-90A1-4ECB-A002-616A9C330B2D}.Debug|x86.ActiveCfg = Debug|Any CPU
		{F6596D4B-90A1-4ECB-A002-616A9C330B2D}.Debug|x86.Build.0 = Debug|Any CPU
		{F6596D4B-90A1-4ECB-A002-616A9C330B2D}.Release|Any CPU.ActiveCfg = Release|Any CPU
		{F6596D4B-90A1-4ECB-A002-616A9C330B2D}.Release|Any CPU.Build.0 = Release|Any CPU
		{F6596D4B-90A1-4ECB-A002-616A9C330B2D}.Release|x64.ActiveCfg = Release|Any CPU
		{F6596D4B-90A1-4ECB-A002-616A9C330B2D}.Release|x64.Build.0 = Release|Any CPU
		{F6596D4B-90A1-4ECB-A002-616A9C330B2D}.Release|x86.ActiveCfg = Release|Any CPU
		{F6596D4B-90A1-4ECB-A002-616A9C330B2D}.Release|x86.Build.0 = Release|Any CPU
		{48E18599-9ADE-42B8-9F2D-9E211FFD26C8}.Debug|Any CPU.ActiveCfg = Debug|Any CPU
		{48E18599-9ADE-42B8-9F2D-9E211FFD26C8}.Debug|Any CPU.Build.0 = Debug|Any CPU
		{48E18599-9ADE-42B8-9F2D-9E211FFD26C8}.Debug|x64.ActiveCfg = Debug|Any CPU
		{48E18599-9ADE-42B8-9F2D-9E211FFD26C8}.Debug|x64.Build.0 = Debug|Any CPU
		{48E18599-9ADE-42B8-9F2D-9E211FFD26C8}.Debug|x86.ActiveCfg = Debug|Any CPU
		{48E18599-9ADE-42B8-9F2D-9E211FFD26C8}.Debug|x86.Build.0 = Debug|Any CPU
		{48E18599-9ADE-42B8-9F2D-9E211FFD26C8}.Release|Any CPU.ActiveCfg = Release|Any CPU
		{48E18599-9ADE-42B8-9F2D-9E211FFD26C8}.Release|Any CPU.Build.0 = Release|Any CPU
		{48E18599-9ADE-42B8-9F2D-9E211FFD26C8}.Release|x64.ActiveCfg = Release|Any CPU
		{48E18599-9ADE-42B8-9F2D-9E211FFD26C8}.Release|x64.Build.0 = Release|Any CPU
		{48E18599-9ADE-42B8-9F2D-9E211FFD26C8}.Release|x86.ActiveCfg = Release|Any CPU
		{48E18599-9ADE-42B8-9F2D-9E211FFD26C8}.Release|x86.Build.0 = Release|Any CPU
		{BCE6D5C4-055A-4ABD-A00C-EFB4BB2CFE57}.Debug|Any CPU.ActiveCfg = Debug|Any CPU
		{BCE6D5C4-055A-4ABD-A00C-EFB4BB2CFE57}.Debug|Any CPU.Build.0 = Debug|Any CPU
		{BCE6D5C4-055A-4ABD-A00C-EFB4BB2CFE57}.Debug|x64.ActiveCfg = Debug|Any CPU
		{BCE6D5C4-055A-4ABD-A00C-EFB4BB2CFE57}.Debug|x64.Build.0 = Debug|Any CPU
		{BCE6D5C4-055A-4ABD-A00C-EFB4BB2CFE57}.Debug|x86.ActiveCfg = Debug|Any CPU
		{BCE6D5C4-055A-4ABD-A00C-EFB4BB2CFE57}.Debug|x86.Build.0 = Debug|Any CPU
		{BCE6D5C4-055A-4ABD-A00C-EFB4BB2CFE57}.Release|Any CPU.ActiveCfg = Release|Any CPU
		{BCE6D5C4-055A-4ABD-A00C-EFB4BB2CFE57}.Release|Any CPU.Build.0 = Release|Any CPU
		{BCE6D5C4-055A-4ABD-A00C-EFB4BB2CFE57}.Release|x64.ActiveCfg = Release|Any CPU
		{BCE6D5C4-055A-4ABD-A00C-EFB4BB2CFE57}.Release|x64.Build.0 = Release|Any CPU
		{BCE6D5C4-055A-4ABD-A00C-EFB4BB2CFE57}.Release|x86.ActiveCfg = Release|Any CPU
		{BCE6D5C4-055A-4ABD-A00C-EFB4BB2CFE57}.Release|x86.Build.0 = Release|Any CPU
		{D9ADE991-8687-4DD8-A448-D55F1394A71E}.Debug|Any CPU.ActiveCfg = Debug|Any CPU
		{D9ADE991-8687-4DD8-A448-D55F1394A71E}.Debug|Any CPU.Build.0 = Debug|Any CPU
		{D9ADE991-8687-4DD8-A448-D55F1394A71E}.Debug|x64.ActiveCfg = Debug|Any CPU
		{D9ADE991-8687-4DD8-A448-D55F1394A71E}.Debug|x64.Build.0 = Debug|Any CPU
		{D9ADE991-8687-4DD8-A448-D55F1394A71E}.Debug|x86.ActiveCfg = Debug|Any CPU
		{D9ADE991-8687-4DD8-A448-D55F1394A71E}.Debug|x86.Build.0 = Debug|Any CPU
		{D9ADE991-8687-4DD8-A448-D55F1394A71E}.Release|Any CPU.ActiveCfg = Release|Any CPU
		{D9ADE991-8687-4DD8-A448-D55F1394A71E}.Release|Any CPU.Build.0 = Release|Any CPU
		{D9ADE991-8687-4DD8-A448-D55F1394A71E}.Release|x64.ActiveCfg = Release|Any CPU
		{D9ADE991-8687-4DD8-A448-D55F1394A71E}.Release|x64.Build.0 = Release|Any CPU
		{D9ADE991-8687-4DD8-A448-D55F1394A71E}.Release|x86.ActiveCfg = Release|Any CPU
		{D9ADE991-8687-4DD8-A448-D55F1394A71E}.Release|x86.Build.0 = Release|Any CPU
	EndGlobalSection
	GlobalSection(SolutionProperties) = preSolution
		HideSolutionNode = FALSE
	EndGlobalSection
	GlobalSection(NestedProjects) = preSolution
		{B0846DE0-CDF8-4E2E-B5D6-BDBE2F5D7211} = {0AB3BF05-4346-4AA6-1389-037BE0695223}
		{EFB2B673-AC72-4F35-980F-B60604C90AAA} = {66320409-64EC-F7C5-3DEF-65E7510DAAD1}
		{BEC7C026-DF9F-437F-9000-CAAABD050CC8} = {0AB3BF05-4346-4AA6-1389-037BE0695223}
		{D56BB7AB-C66F-493E-B08B-FD0962749AF1} = {0AB3BF05-4346-4AA6-1389-037BE0695223}
		{C8E42992-5E42-0C2B-DBFE-AA848D06431C} = {827E0CD3-B72D-47B6-A68D-7590B98EB39B}
		{F1E2D3C4-B5A6-4789-8C0D-1E2F3A4B5C6D} = {E2F3A4B5-C6D7-48E9-A0F1-2B3C4D5E6F70}
		{A7C3B461-29C4-4A3B-8CD4-97137149319C} = {C8E42992-5E42-0C2B-DBFE-AA848D06431C}
		{D1E2F3A4-B5C6-47D8-9E0F-1A2B3C4D5E6F} = {C8E42992-5E42-0C2B-DBFE-AA848D06431C}
		{1F9C7355-A855-4343-B7D8-BFF3117FA62B} = {F1E2D3C4-B5A6-4789-8C0D-1E2F3A4B5C6D}
		{FFCD6D5B-E191-466C-A66A-CE5C81430E34} = {F1E2D3C4-B5A6-4789-8C0D-1E2F3A4B5C6D}
		{9048EB7F-3875-A59E-E36B-5BD4C6F2A282} = {827E0CD3-B72D-47B6-A68D-7590B98EB39B}
		{C084DCDA-5728-482F-8F3F-B16DACF9AAE5} = {9048EB7F-3875-A59E-E36B-5BD4C6F2A282}
		{581C1AFC-A79E-7578-3E64-521365DC72E1} = {E2F3A4B5-C6D7-48E9-A0F1-2B3C4D5E6F70}
		{E2F3A4B5-C6D7-48E9-A0F1-2B3C4D5E6F70} = {827E0CD3-B72D-47B6-A68D-7590B98EB39B}
		{F6596D4B-90A1-4ECB-A002-616A9C330B2D} = {581C1AFC-A79E-7578-3E64-521365DC72E1}
		{AE7E6606-3C56-5577-1064-B6FCDA212EC4} = {E2F3A4B5-C6D7-48E9-A0F1-2B3C4D5E6F70}
		{48E18599-9ADE-42B8-9F2D-9E211FFD26C8} = {AE7E6606-3C56-5577-1064-B6FCDA212EC4}
		{80FDF81B-1904-591B-8A86-C608F494F492} = {E2F3A4B5-C6D7-48E9-A0F1-2B3C4D5E6F70}
		{BCE6D5C4-055A-4ABD-A00C-EFB4BB2CFE57} = {80FDF81B-1904-591B-8A86-C608F494F492}
		{755D399A-36F7-7E1E-5DCC-CBDE54FF2812} = {E2F3A4B5-C6D7-48E9-A0F1-2B3C4D5E6F70}
		{D9ADE991-8687-4DD8-A448-D55F1394A71E} = {755D399A-36F7-7E1E-5DCC-CBDE54FF2812}
	EndGlobalSection
	GlobalSection(ExtensibilityGlobals) = postSolution
		SolutionGuid = {7BE0429F-1C5F-4815-874D-AEF6C239A7B4}
	EndGlobalSection
EndGlobal
