
Microsoft Visual Studio Solution File, Format Version 12.00
# Visual Studio Version 17
VisualStudioVersion = 17.0.31903.59
MinimumVisualStudioVersion = 10.0.40219.1
Project("{2150E333-8FDC-42A3-9474-1A3956D46DE8}") = "src", "src", "{827E0CD3-B72D-47B6-A68D-7590B98EB39B}"
EndProject
Project("{FAE04EC0-301F-11D3-BF4B-00C04F79EFBC}") = "MatchingEngine.Core", "src\MatchingEngine.Core\MatchingEngine.Core.csproj", "{72270645-A299-46D1-9A9E-DD1A758A7470}"
EndProject
Project("{2150E333-8FDC-42A3-9474-1A3956D46DE8}") = "tests", "tests", "{0AB3BF05-4346-4AA6-1389-037BE0695223}"
EndProject
Project("{FAE04EC0-301F-11D3-BF4B-00C04F79EFBC}") = "MatchingEngine.Core.Tests", "tests\MatchingEngine.Core.Tests\MatchingEngine.Core.Tests.csproj", "{B0846DE0-CDF8-4E2E-B5D6-BDBE2F5D7211}"
EndProject
Project("{2150E333-8FDC-42A3-9474-1A3956D46DE8}") = "benchmarks", "benchmarks", "{66320409-64EC-F7C5-3DEF-65E7510DAAD1}"
EndProject
Project("{FAE04EC0-301F-11D3-BF4B-00C04F79EFBC}") = "MatchingEngine.Benchmarks", "benchmarks\MatchingEngine.Benchmarks\MatchingEngine.Benchmarks.csproj", "{EFB2B673-AC72-4F35-980F-B60604C90AAA}"
EndProject
Global
	GlobalSection(SolutionConfigurationPlatforms) = preSolution
		Debug|Any CPU = Debug|Any CPU
		Debug|x64 = Debug|x64
		Debug|x86 = Debug|x86
		Release|Any CPU = Release|Any CPU
		Release|x64 = Release|x64
		Release|x86 = Release|x86
	EndGlobalSection
	GlobalSection(ProjectConfigurationPlatforms) = postSolution
		{72270645-A299-46D1-9A9E-DD1A758A7470}.Debug|Any CPU.ActiveCfg = Debug|Any CPU
		{72270645-A299-46D1-9A9E-DD1A758A7470}.Debug|Any CPU.Build.0 = Debug|Any CPU
		{72270645-A299-46D1-9A9E-DD1A758A7470}.Debug|x64.ActiveCfg = Debug|Any CPU
		{72270645-A299-46D1-9A9E-DD1A758A7470}.Debug|x64.Build.0 = Debug|Any CPU
		{72270645-A299-46D1-9A9E-DD1A758A7470}.Debug|x86.ActiveCfg = Debug|Any CPU
		{72270645-A299-46D1-9A9E-DD1A758A7470}.Debug|x86.Build.0 = Debug|Any CPU
		{72270645-A299-46D1-9A9E-DD1A758A7470}.Release|Any CPU.ActiveCfg = Release|Any CPU
		{72270645-A299-46D1-9A9E-DD1A758A7470}.Release|Any CPU.Build.0 = Release|Any CPU
		{72270645-A299-46D1-9A9E-DD1A758A7470}.Release|x64.ActiveCfg = Release|Any CPU
		{72270645-A299-46D1-9A9E-DD1A758A7470}.Release|x64.Build.0 = Release|Any CPU
		{72270645-A299-46D1-9A9E-DD1A758A7470}.Release|x86.ActiveCfg = Release|Any CPU
		{72270645-A299-46D1-9A9E-DD1A758A7470}.Release|x86.Build.0 = Release|Any CPU
		{B0846DE0-CDF8-4E2E-B5D6-BDBE2F5D7211}.Debug|Any CPU.ActiveCfg = Debug|Any CPU
		{B0846DE0-CDF8-4E2E-B5D6-BDBE2F5D7211}.Debug|Any CPU.Build.0 = Debug|Any CPU
		{B0846DE0-CDF8-4E2E-B5D6-BDBE2F5D7211}.Debug|x64.ActiveCfg = Debug|Any CPU
		{B0846DE0-CDF8-4E2E-B5D6-BDBE2F5D7211}.Debug|x64.Build.0 = Debug|Any CPU
		{B0846DE0-CDF8-4E2E-B5D6-BDBE2F5D7211}.Debug|x86.ActiveCfg = Debug|Any CPU
		{B0846DE0-CDF8-4E2E-B5D6-BDBE2F5D7211}.Debug|x86.Build.0 = Debug|Any CPU
		{B0846DE0-CDF8-4E2E-B5D6-BDBE2F5D7211}.Release|Any CPU.ActiveCfg = Release|Any CPU
		{B0846DE0-CDF8-4E2E-B5D6-BDBE2F5D7211}.Release|Any CPU.Build.0 = Release|Any CPU
		{B0846DE0-CDF8-4E2E-B5D6-BDBE2F5D7211}.Release|x64.ActiveCfg = Release|Any CPU
		{B0846DE0-CDF8-4E2E-B5D6-BDBE2F5D7211}.Release|x64.Build.0 = Release|Any CPU
		{B0846DE0-CDF8-4E2E-B5D6-BDBE2F5D7211}.Release|x86.ActiveCfg = Release|Any CPU
		{B0846DE0-CDF8-4E2E-B5D6-BDBE2F5D7211}.Release|x86.Build.0 = Release|Any CPU
		{EFB2B673-AC72-4F35-980F-B60604C90AAA}.Debug|Any CPU.ActiveCfg = Debug|Any CPU
		{EFB2B673-AC72-4F35-980F-B60604C90AAA}.Debug|Any CPU.Build.0 = Debug|Any CPU
		{EFB2B673-AC72-4F35-980F-B60604C90AAA}.Debug|x64.ActiveCfg = Debug|Any CPU
		{EFB2B673-AC72-4F35-980F-B60604C90AAA}.Debug|x64.Build.0 = Debug|Any CPU
		{EFB2B673-AC72-4F35-980F-B60604C90AAA}.Debug|x86.ActiveCfg = Debug|Any CPU
		{EFB2B673-AC72-4F35-980F-B60604C90AAA}.Debug|x86.Build.0 = Debug|Any CPU
		{EFB2B673-AC72-4F35-980F-B60604C90AAA}.Release|Any CPU.ActiveCfg = Release|Any CPU
		{EFB2B673-AC72-4F35-980F-B60604C90AAA}.Release|Any CPU.Build.0 = Release|Any CPU
		{EFB2B673-AC72-4F35-980F-B60604C90AAA}.Release|x64.ActiveCfg = Release|Any CPU
		{EFB2B673-AC72-4F35-980F-B60604C90AAA}.Release|x64.Build.0 = Release|Any CPU
		{EFB2B673-AC72-4F35-980F-B60604C90AAA}.Release|x86.ActiveCfg = Release|Any CPU
		{EFB2B673-AC72-4F35-980F-B60604C90AAA}.Release|x86.Build.0 = Release|Any CPU
	EndGlobalSection
	GlobalSection(SolutionProperties) = preSolution
		HideSolutionNode = FALSE
	EndGlobalSection
	GlobalSection(NestedProjects) = preSolution
		{72270645-A299-46D1-9A9E-DD1A758A7470} = {827E0CD3-B72D-47B6-A68D-7590B98EB39B}
		{B0846DE0-CDF8-4E2E-B5D6-BDBE2F5D7211} = {0AB3BF05-4346-4AA6-1389-037BE0695223}
		{EFB2B673-AC72-4F35-980F-B60604C90AAA} = {66320409-64EC-F7C5-3DEF-65E7510DAAD1}
	EndGlobalSection
	GlobalSection(ExtensibilityGlobals) = postSolution
		SolutionGuid = {7BE0429F-1C5F-4815-874D-AEF6C239A7B4}
	EndGlobalSection
EndGlobal
